github.com/davecgh/go-spew v1.1.0/go.mod h1:J7Y8YcW2NihsgmVo/mv3lAwl/skON4iLHjSsI+c5H38=
github.com/magefile/mage v1.14.0 h1:6QDX3g6z1YvJ4olPhT1wksUcSa/V0a1B+pJb73fBjyo=
github.com/magefile/mage v1.14.0/go.mod h1:z5UZb/iS3GoOSn0JgWuiw7dxlurVYTu+/jHXqQg881A=
github.com/pmezard/go-difflib v1.0.0/go.mod h1:iKH77koFhYxTK1pcRnkKkqfTogsbg7gZNVY4sRDYZ/4=
github.com/stretchr/objx v0.1.0/go.mod h1:HFkY916IF+rwdDfMAkV7OtwuqBVzrE8GR6GFx+wExME=
github.com/stretchr/testify v1.3.0/go.mod h1:M5WIy9Dh21IEIfnGCwXGc5bZfKNJtfHm1UVUgZn+9EI=
github.com/virtomize/confluence-go-api v1.4.6 h1:yN1khm2tU0aFc7N7x58QQ+668rko77qIMIhs2f+qEO8=
github.com/virtomize/confluence-go-api v1.4.6/go.mod h1:a96WPcok5g+7l5LC/ztcrp4cLmrIA1DHxxZSv/iqvsQ=
